
Microsoft Visual Studio Solution File, Format Version 12.00
# Visual Studio Version 17
VisualStudioVersion = 17.12.35707.178
MinimumVisualStudioVersion = 10.0.40219.1
Project("{2150E333-8FDC-42A3-9474-1A3956D46DE8}") = "Task0", "Task0", "{C44DD8BF-8942-4D9D-91E1-6CC7E5F6424C}"
EndProject
Project("{FAE04EC0-301F-11D3-BF4B-00C04F79EFBC}") = "Tyuiu.FendelNS.Sprint6.Task0.V19.Lib", "Tyuiu.FendelNS.Sprint6.Task0.V19.Lib\Tyuiu.FendelNS.Sprint6.Task0.V19.Lib.csproj", "{32FB18CF-F121-43AC-8E46-B32D1C6036B1}"
EndProject
Project("{FAE04EC0-301F-11D3-BF4B-00C04F79EFBC}") = "Tyuiu.FendelNS.Sprint6.Task0.V19.Test", "Tyuiu.FendelNS.Sprint6.Task0.V19.Test\Tyuiu.FendelNS.Sprint6.Task0.V19.Test.csproj", "{DB571EE6-9C08-4062-9076-7A8213B5FF0B}"
EndProject
Project("{FAE04EC0-301F-11D3-BF4B-00C04F79EFBC}") = "Tyuiu.FendelNS.Sprint6.Task0.V19", "Tyuiu.FendelNS.Sprint6.Task0.V19\Tyuiu.FendelNS.Sprint6.Task0.V19.csproj", "{0A9DAF40-6553-4098-8E10-81791435DBDF}"
EndProject
Project("{2150E333-8FDC-42A3-9474-1A3956D46DE8}") = "Task1", "Task1", "{1144ECBE-D8DE-48CB-BCA0-CAB9750A4E58}"
EndProject
Project("{FAE04EC0-301F-11D3-BF4B-00C04F79EFBC}") = "Tyuiu.FendelNS.Sprint6.Task1.V4.Lib", "Tyuiu.FendelNS.Sprint6.Task1.V4.Lib\Tyuiu.FendelNS.Sprint6.Task1.V4.Lib.csproj", "{F06CF6AF-E739-475A-BC62-6A764ACCC1F5}"
EndProject
Project("{FAE04EC0-301F-11D3-BF4B-00C04F79EFBC}") = "Tyuiu.FendelNS.Sprint6.Task1.V4.Test", "Tyuiu.FendelNS.Sprint6.Task1.V4.Test\Tyuiu.FendelNS.Sprint6.Task1.V4.Test.csproj", "{1D7AA86A-C14A-4B13-AA9C-1A143A9B23D7}"
EndProject
Project("{FAE04EC0-301F-11D3-BF4B-00C04F79EFBC}") = "Tyuiu.FendelNS.Sprint6.Task1.V4", "Tyuiu.FendelNS.Sprint6.Task1.V4\Tyuiu.FendelNS.Sprint6.Task1.V4.csproj", "{19DB656F-250A-4ABF-B643-4C8C1932CD32}"
EndProject
Project("{2150E333-8FDC-42A3-9474-1A3956D46DE8}") = "Task2", "Task2", "{EE8E3630-DFF6-42DE-921F-A1446994AAB2}"
EndProject
Project("{FAE04EC0-301F-11D3-BF4B-00C04F79EFBC}") = "Tyuiu.FendelNS.Sprint6.Task2.V15.Lib", "Tyuiu.FendelNS.Sprint6.Task2.V15.Lib\Tyuiu.FendelNS.Sprint6.Task2.V15.Lib.csproj", "{F25DF6B9-2E8B-42B0-BB9A-3AFFF2866F50}"
EndProject
Project("{FAE04EC0-301F-11D3-BF4B-00C04F79EFBC}") = "Tyuiu.FendelNS.Sprint6.Task2.V15.Test", "Tyuiu.FendelNS.Sprint6.Task2.V15.Test\Tyuiu.FendelNS.Sprint6.Task2.V15.Test.csproj", "{3878EDA1-8C79-4784-AA89-5FC14A943C57}"
EndProject
Project("{FAE04EC0-301F-11D3-BF4B-00C04F79EFBC}") = "Tyuiu.FendelNS.Sprint6.Task2.V15", "Tyuiu.FendelNS.Sprint6.Task2.V15\Tyuiu.FendelNS.Sprint6.Task2.V15.csproj", "{C6DA5E5C-66BD-4EAE-BF89-E2ED216831DC}"
EndProject
Project("{2150E333-8FDC-42A3-9474-1A3956D46DE8}") = "Task3", "Task3", "{CEEE3423-CA8C-4019-A3DC-3C8AB25CEBC2}"
EndProject
Project("{FAE04EC0-301F-11D3-BF4B-00C04F79EFBC}") = "Tyuiu.FendelNS.Sprint6.Task3.V27.Lib", "Tyuiu.FendelNS.Sprint6.Task3.V27.Lib\Tyuiu.FendelNS.Sprint6.Task3.V27.Lib.csproj", "{5A84EB5B-2251-45E1-A4D7-A98E0570055C}"
EndProject
Project("{FAE04EC0-301F-11D3-BF4B-00C04F79EFBC}") = "Tyuiu.FendelNS.Sprint6.Task3.V27.Test", "Tyuiu.FendelNS.Sprint6.Task3.V27.Test\Tyuiu.FendelNS.Sprint6.Task3.V27.Test.csproj", "{CB524744-8F4C-4171-8292-F4FC860A2544}"
EndProject
Project("{FAE04EC0-301F-11D3-BF4B-00C04F79EFBC}") = "Tyuiu.FendelNS.Sprint6.Task3.V27", "Tyuiu.FendelNS.Sprint6.Task3.V27\Tyuiu.FendelNS.Sprint6.Task3.V27.csproj", "{2090E88B-0BB7-4ADC-819F-7BB6554BDCE5}"
EndProject
Project("{2150E333-8FDC-42A3-9474-1A3956D46DE8}") = "Task4", "Task4", "{C3DA6E48-70FC-4C0E-857C-6C515F6DEE07}"
EndProject
Project("{FAE04EC0-301F-11D3-BF4B-00C04F79EFBC}") = "Tyuiu.FendelNS.Sprint6.Task4.V24.Lib", "Tyuiu.FendelNS.Sprint6.Task4.V24.Lib\Tyuiu.FendelNS.Sprint6.Task4.V24.Lib.csproj", "{16D5B3FB-25E1-4D34-B008-465D9F4026A3}"
EndProject
Project("{FAE04EC0-301F-11D3-BF4B-00C04F79EFBC}") = "Tyuiu.FendelNS.Sprint6.Task4.V24.Test", "Tyuiu.FendelNS.Sprint6.Task4.V24.Test\Tyuiu.FendelNS.Sprint6.Task4.V24.Test.csproj", "{3695B33D-618D-4DAB-8D0A-613F4B607F52}"
EndProject
Project("{FAE04EC0-301F-11D3-BF4B-00C04F79EFBC}") = "Tyuiu.FendelNS.Sprint6.Task4.V24", "Tyuiu.FendelNS.Sprint6.Task4.V24\Tyuiu.FendelNS.Sprint6.Task4.V24.csproj", "{3739AD00-684F-4ADB-9239-B561A27E4781}"
EndProject
Project("{2150E333-8FDC-42A3-9474-1A3956D46DE8}") = "Task5", "Task5", "{4A4F099B-ADCB-4883-97C9-B038C539D379}"
EndProject
Project("{FAE04EC0-301F-11D3-BF4B-00C04F79EFBC}") = "Tyuiu.FendelNS.Sprint6.Task5.V3.Lib", "Tyuiu.FendelNS.Sprint6.Task5.V3.Lib\Tyuiu.FendelNS.Sprint6.Task5.V3.Lib.csproj", "{853193F5-4AFE-4597-847E-8B01856A2417}"
EndProject
Project("{FAE04EC0-301F-11D3-BF4B-00C04F79EFBC}") = "Tyuiu.FendelNS.Sprint6.Task5.V3.Test", "Tyuiu.FendelNS.Sprint6.Task5.V3.Test\Tyuiu.FendelNS.Sprint6.Task5.V3.Test.csproj", "{2BDBA7D4-782A-422E-BDD4-B5EAC3F0F6E8}"
EndProject
Project("{FAE04EC0-301F-11D3-BF4B-00C04F79EFBC}") = "Tyuiu.FendelNS.Sprint6.Task5.V3", "Tyuiu.FendelNS.Sprint6.Task5.V3\Tyuiu.FendelNS.Sprint6.Task5.V3.csproj", "{EFCD864B-6924-4C16-9F9C-2BF88C75974F}"
EndProject
Project("{2150E333-8FDC-42A3-9474-1A3956D46DE8}") = "Task6", "Task6", "{06C2C1EF-8F0A-4E50-9520-131F0A370AD5}"
EndProject
Project("{FAE04EC0-301F-11D3-BF4B-00C04F79EFBC}") = "Tyuiu.FendelNS.Sprint6.Task6.V28.Lib", "Tyuiu.FendelNS.Sprint6.Task6.V28.Lib\Tyuiu.FendelNS.Sprint6.Task6.V28.Lib.csproj", "{01ED91F6-80C4-4E0A-8793-6FDDAAD342AA}"
EndProject
Project("{FAE04EC0-301F-11D3-BF4B-00C04F79EFBC}") = "Tyuiu.FendelNS.Sprint6.Task6.V28.Test", "Tyuiu.FendelNS.Sprint6.Task6.V28.Test\Tyuiu.FendelNS.Sprint6.Task6.V28.Test.csproj", "{99C26481-5A1B-4BB8-B396-0EFB5FDCCEF3}"
EndProject
Project("{FAE04EC0-301F-11D3-BF4B-00C04F79EFBC}") = "Tyuiu.FendelNS.Sprint6.Task6.V28", "Tyuiu.FendelNS.Sprint6.Task6.V28\Tyuiu.FendelNS.Sprint6.Task6.V28.csproj", "{1B3C24DC-C25D-4FD9-B7FB-9CFFD7461E34}"
EndProject
Project("{2150E333-8FDC-42A3-9474-1A3956D46DE8}") = "Task7", "Task7", "{5F32B901-A52D-4129-A20A-F45339473715}"
EndProject
Project("{FAE04EC0-301F-11D3-BF4B-00C04F79EFBC}") = "Tyuiu.FendelNS.Sprint6.Task7.V21.Lib", "Tyuiu.FendelNS.Sprint6.Task7.V21.Lib\Tyuiu.FendelNS.Sprint6.Task7.V21.Lib.csproj", "{8E8014EC-22EB-4C11-BDB0-09292BE2188A}"
EndProject
Project("{FAE04EC0-301F-11D3-BF4B-00C04F79EFBC}") = "Tyuiu.FendelNS.Sprint6.Task7.V21.Test", "Tyuiu.FendelNS.Sprint6.Task7.V21.Test\Tyuiu.FendelNS.Sprint6.Task7.V21.Test.csproj", "{94C390A0-096C-417B-BC5A-8381B2D4F7A4}"
EndProject
Project("{FAE04EC0-301F-11D3-BF4B-00C04F79EFBC}") = "Tyuiu.FendelNS.Sprint6.Task7.V21", "Tyuiu.FendelNS.Sprint6.Task7.V21\Tyuiu.FendelNS.Sprint6.Task7.V21.csproj", "{81BD6F3E-D2E4-41F3-B7EF-D012C2D936E9}"
EndProject
Global
	GlobalSection(SolutionConfigurationPlatforms) = preSolution
		Debug|Any CPU = Debug|Any CPU
		Release|Any CPU = Release|Any CPU
	EndGlobalSection
	GlobalSection(ProjectConfigurationPlatforms) = postSolution
		{32FB18CF-F121-43AC-8E46-B32D1C6036B1}.Debug|Any CPU.ActiveCfg = Debug|Any CPU
		{32FB18CF-F121-43AC-8E46-B32D1C6036B1}.Debug|Any CPU.Build.0 = Debug|Any CPU
		{32FB18CF-F121-43AC-8E46-B32D1C6036B1}.Release|Any CPU.ActiveCfg = Release|Any CPU
		{32FB18CF-F121-43AC-8E46-B32D1C6036B1}.Release|Any CPU.Build.0 = Release|Any CPU
		{DB571EE6-9C08-4062-9076-7A8213B5FF0B}.Debug|Any CPU.ActiveCfg = Debug|Any CPU
		{DB571EE6-9C08-4062-9076-7A8213B5FF0B}.Debug|Any CPU.Build.0 = Debug|Any CPU
		{DB571EE6-9C08-4062-9076-7A8213B5FF0B}.Release|Any CPU.ActiveCfg = Release|Any CPU
		{DB571EE6-9C08-4062-9076-7A8213B5FF0B}.Release|Any CPU.Build.0 = Release|Any CPU
		{0A9DAF40-6553-4098-8E10-81791435DBDF}.Debug|Any CPU.ActiveCfg = Debug|Any CPU
		{0A9DAF40-6553-4098-8E10-81791435DBDF}.Debug|Any CPU.Build.0 = Debug|Any CPU
		{0A9DAF40-6553-4098-8E10-81791435DBDF}.Release|Any CPU.ActiveCfg = Release|Any CPU
		{0A9DAF40-6553-4098-8E10-81791435DBDF}.Release|Any CPU.Build.0 = Release|Any CPU
		{F06CF6AF-E739-475A-BC62-6A764ACCC1F5}.Debug|Any CPU.ActiveCfg = Debug|Any CPU
		{F06CF6AF-E739-475A-BC62-6A764ACCC1F5}.Debug|Any CPU.Build.0 = Debug|Any CPU
		{F06CF6AF-E739-475A-BC62-6A764ACCC1F5}.Release|Any CPU.ActiveCfg = Release|Any CPU
		{F06CF6AF-E739-475A-BC62-6A764ACCC1F5}.Release|Any CPU.Build.0 = Release|Any CPU
		{1D7AA86A-C14A-4B13-AA9C-1A143A9B23D7}.Debug|Any CPU.ActiveCfg = Debug|Any CPU
		{1D7AA86A-C14A-4B13-AA9C-1A143A9B23D7}.Debug|Any CPU.Build.0 = Debug|Any CPU
		{1D7AA86A-C14A-4B13-AA9C-1A143A9B23D7}.Release|Any CPU.ActiveCfg = Release|Any CPU
		{1D7AA86A-C14A-4B13-AA9C-1A143A9B23D7}.Release|Any CPU.Build.0 = Release|Any CPU
		{19DB656F-250A-4ABF-B643-4C8C1932CD32}.Debug|Any CPU.ActiveCfg = Debug|Any CPU
		{19DB656F-250A-4ABF-B643-4C8C1932CD32}.Debug|Any CPU.Build.0 = Debug|Any CPU
		{19DB656F-250A-4ABF-B643-4C8C1932CD32}.Release|Any CPU.ActiveCfg = Release|Any CPU
		{19DB656F-250A-4ABF-B643-4C8C1932CD32}.Release|Any CPU.Build.0 = Release|Any CPU
		{F25DF6B9-2E8B-42B0-BB9A-3AFFF2866F50}.Debug|Any CPU.ActiveCfg = Debug|Any CPU
		{F25DF6B9-2E8B-42B0-BB9A-3AFFF2866F50}.Debug|Any CPU.Build.0 = Debug|Any CPU
		{F25DF6B9-2E8B-42B0-BB9A-3AFFF2866F50}.Release|Any CPU.ActiveCfg = Release|Any CPU
		{F25DF6B9-2E8B-42B0-BB9A-3AFFF2866F50}.Release|Any CPU.Build.0 = Release|Any CPU
		{3878EDA1-8C79-4784-AA89-5FC14A943C57}.Debug|Any CPU.ActiveCfg = Debug|Any CPU
		{3878EDA1-8C79-4784-AA89-5FC14A943C57}.Debug|Any CPU.Build.0 = Debug|Any CPU
		{3878EDA1-8C79-4784-AA89-5FC14A943C57}.Release|Any CPU.ActiveCfg = Release|Any CPU
		{3878EDA1-8C79-4784-AA89-5FC14A943C57}.Release|Any CPU.Build.0 = Release|Any CPU
		{C6DA5E5C-66BD-4EAE-BF89-E2ED216831DC}.Debug|Any CPU.ActiveCfg = Debug|Any CPU
		{C6DA5E5C-66BD-4EAE-BF89-E2ED216831DC}.Debug|Any CPU.Build.0 = Debug|Any CPU
		{C6DA5E5C-66BD-4EAE-BF89-E2ED216831DC}.Release|Any CPU.ActiveCfg = Release|Any CPU
		{C6DA5E5C-66BD-4EAE-BF89-E2ED216831DC}.Release|Any CPU.Build.0 = Release|Any CPU
		{5A84EB5B-2251-45E1-A4D7-A98E0570055C}.Debug|Any CPU.ActiveCfg = Debug|Any CPU
		{5A84EB5B-2251-45E1-A4D7-A98E0570055C}.Debug|Any CPU.Build.0 = Debug|Any CPU
		{5A84EB5B-2251-45E1-A4D7-A98E0570055C}.Release|Any CPU.ActiveCfg = Release|Any CPU
		{5A84EB5B-2251-45E1-A4D7-A98E0570055C}.Release|Any CPU.Build.0 = Release|Any CPU
		{CB524744-8F4C-4171-8292-F4FC860A2544}.Debug|Any CPU.ActiveCfg = Debug|Any CPU
		{CB524744-8F4C-4171-8292-F4FC860A2544}.Debug|Any CPU.Build.0 = Debug|Any CPU
		{CB524744-8F4C-4171-8292-F4FC860A2544}.Release|Any CPU.ActiveCfg = Release|Any CPU
		{CB524744-8F4C-4171-8292-F4FC860A2544}.Release|Any CPU.Build.0 = Release|Any CPU
		{2090E88B-0BB7-4ADC-819F-7BB6554BDCE5}.Debug|Any CPU.ActiveCfg = Debug|Any CPU
		{2090E88B-0BB7-4ADC-819F-7BB6554BDCE5}.Debug|Any CPU.Build.0 = Debug|Any CPU
		{2090E88B-0BB7-4ADC-819F-7BB6554BDCE5}.Release|Any CPU.ActiveCfg = Release|Any CPU
		{2090E88B-0BB7-4ADC-819F-7BB6554BDCE5}.Release|Any CPU.Build.0 = Release|Any CPU
		{16D5B3FB-25E1-4D34-B008-465D9F4026A3}.Debug|Any CPU.ActiveCfg = Debug|Any CPU
		{16D5B3FB-25E1-4D34-B008-465D9F4026A3}.Debug|Any CPU.Build.0 = Debug|Any CPU
		{16D5B3FB-25E1-4D34-B008-465D9F4026A3}.Release|Any CPU.ActiveCfg = Release|Any CPU
		{16D5B3FB-25E1-4D34-B008-465D9F4026A3}.Release|Any CPU.Build.0 = Release|Any CPU
		{3695B33D-618D-4DAB-8D0A-613F4B607F52}.Debug|Any CPU.ActiveCfg = Debug|Any CPU
		{3695B33D-618D-4DAB-8D0A-613F4B607F52}.Debug|Any CPU.Build.0 = Debug|Any CPU
		{3695B33D-618D-4DAB-8D0A-613F4B607F52}.Release|Any CPU.ActiveCfg = Release|Any CPU
		{3695B33D-618D-4DAB-8D0A-613F4B607F52}.Release|Any CPU.Build.0 = Release|Any CPU
		{3739AD00-684F-4ADB-9239-B561A27E4781}.Debug|Any CPU.ActiveCfg = Debug|Any CPU
		{3739AD00-684F-4ADB-9239-B561A27E4781}.Debug|Any CPU.Build.0 = Debug|Any CPU
		{3739AD00-684F-4ADB-9239-B561A27E4781}.Release|Any CPU.ActiveCfg = Release|Any CPU
		{3739AD00-684F-4ADB-9239-B561A27E4781}.Release|Any CPU.Build.0 = Release|Any CPU
		{853193F5-4AFE-4597-847E-8B01856A2417}.Debug|Any CPU.ActiveCfg = Debug|Any CPU
		{853193F5-4AFE-4597-847E-8B01856A2417}.Debug|Any CPU.Build.0 = Debug|Any CPU
		{853193F5-4AFE-4597-847E-8B01856A2417}.Release|Any CPU.ActiveCfg = Release|Any CPU
		{853193F5-4AFE-4597-847E-8B01856A2417}.Release|Any CPU.Build.0 = Release|Any CPU
		{2BDBA7D4-782A-422E-BDD4-B5EAC3F0F6E8}.Debug|Any CPU.ActiveCfg = Debug|Any CPU
		{2BDBA7D4-782A-422E-BDD4-B5EAC3F0F6E8}.Debug|Any CPU.Build.0 = Debug|Any CPU
		{2BDBA7D4-782A-422E-BDD4-B5EAC3F0F6E8}.Release|Any CPU.ActiveCfg = Release|Any CPU
		{2BDBA7D4-782A-422E-BDD4-B5EAC3F0F6E8}.Release|Any CPU.Build.0 = Release|Any CPU
		{EFCD864B-6924-4C16-9F9C-2BF88C75974F}.Debug|Any CPU.ActiveCfg = Debug|Any CPU
		{EFCD864B-6924-4C16-9F9C-2BF88C75974F}.Debug|Any CPU.Build.0 = Debug|Any CPU
		{EFCD864B-6924-4C16-9F9C-2BF88C75974F}.Release|Any CPU.ActiveCfg = Release|Any CPU
		{EFCD864B-6924-4C16-9F9C-2BF88C75974F}.Release|Any CPU.Build.0 = Release|Any CPU
		{01ED91F6-80C4-4E0A-8793-6FDDAAD342AA}.Debug|Any CPU.ActiveCfg = Debug|Any CPU
		{01ED91F6-80C4-4E0A-8793-6FDDAAD342AA}.Debug|Any CPU.Build.0 = Debug|Any CPU
		{01ED91F6-80C4-4E0A-8793-6FDDAAD342AA}.Release|Any CPU.ActiveCfg = Release|Any CPU
		{01ED91F6-80C4-4E0A-8793-6FDDAAD342AA}.Release|Any CPU.Build.0 = Release|Any CPU
		{99C26481-5A1B-4BB8-B396-0EFB5FDCCEF3}.Debug|Any CPU.ActiveCfg = Debug|Any CPU
		{99C26481-5A1B-4BB8-B396-0EFB5FDCCEF3}.Debug|Any CPU.Build.0 = Debug|Any CPU
		{99C26481-5A1B-4BB8-B396-0EFB5FDCCEF3}.Release|Any CPU.ActiveCfg = Release|Any CPU
		{99C26481-5A1B-4BB8-B396-0EFB5FDCCEF3}.Release|Any CPU.Build.0 = Release|Any CPU
		{1B3C24DC-C25D-4FD9-B7FB-9CFFD7461E34}.Debug|Any CPU.ActiveCfg = Debug|Any CPU
		{1B3C24DC-C25D-4FD9-B7FB-9CFFD7461E34}.Debug|Any CPU.Build.0 = Debug|Any CPU
		{1B3C24DC-C25D-4FD9-B7FB-9CFFD7461E34}.Release|Any CPU.ActiveCfg = Release|Any CPU
		{1B3C24DC-C25D-4FD9-B7FB-9CFFD7461E34}.Release|Any CPU.Build.0 = Release|Any CPU
		{8E8014EC-22EB-4C11-BDB0-09292BE2188A}.Debug|Any CPU.ActiveCfg = Debug|Any CPU
		{8E8014EC-22EB-4C11-BDB0-09292BE2188A}.Debug|Any CPU.Build.0 = Debug|Any CPU
		{8E8014EC-22EB-4C11-BDB0-09292BE2188A}.Release|Any CPU.ActiveCfg = Release|Any CPU
		{8E8014EC-22EB-4C11-BDB0-09292BE2188A}.Release|Any CPU.Build.0 = Release|Any CPU
		{94C390A0-096C-417B-BC5A-8381B2D4F7A4}.Debug|Any CPU.ActiveCfg = Debug|Any CPU
		{94C390A0-096C-417B-BC5A-8381B2D4F7A4}.Debug|Any CPU.Build.0 = Debug|Any CPU
		{94C390A0-096C-417B-BC5A-8381B2D4F7A4}.Release|Any CPU.ActiveCfg = Release|Any CPU
		{94C390A0-096C-417B-BC5A-8381B2D4F7A4}.Release|Any CPU.Build.0 = Release|Any CPU
		{81BD6F3E-D2E4-41F3-B7EF-D012C2D936E9}.Debug|Any CPU.ActiveCfg = Debug|Any CPU
		{81BD6F3E-D2E4-41F3-B7EF-D012C2D936E9}.Debug|Any CPU.Build.0 = Debug|Any CPU
		{81BD6F3E-D2E4-41F3-B7EF-D012C2D936E9}.Release|Any CPU.ActiveCfg = Release|Any CPU
		{81BD6F3E-D2E4-41F3-B7EF-D012C2D936E9}.Release|Any CPU.Build.0 = Release|Any CPU
	EndGlobalSection
	GlobalSection(SolutionProperties) = preSolution
		HideSolutionNode = FALSE
	EndGlobalSection
	GlobalSection(NestedProjects) = preSolution
		{32FB18CF-F121-43AC-8E46-B32D1C6036B1} = {C44DD8BF-8942-4D9D-91E1-6CC7E5F6424C}
		{DB571EE6-9C08-4062-9076-7A8213B5FF0B} = {C44DD8BF-8942-4D9D-91E1-6CC7E5F6424C}
		{0A9DAF40-6553-4098-8E10-81791435DBDF} = {C44DD8BF-8942-4D9D-91E1-6CC7E5F6424C}
		{F06CF6AF-E739-475A-BC62-6A764ACCC1F5} = {1144ECBE-D8DE-48CB-BCA0-CAB9750A4E58}
		{1D7AA86A-C14A-4B13-AA9C-1A143A9B23D7} = {1144ECBE-D8DE-48CB-BCA0-CAB9750A4E58}
		{19DB656F-250A-4ABF-B643-4C8C1932CD32} = {1144ECBE-D8DE-48CB-BCA0-CAB9750A4E58}
		{F25DF6B9-2E8B-42B0-BB9A-3AFFF2866F50} = {EE8E3630-DFF6-42DE-921F-A1446994AAB2}
		{3878EDA1-8C79-4784-AA89-5FC14A943C57} = {EE8E3630-DFF6-42DE-921F-A1446994AAB2}
		{C6DA5E5C-66BD-4EAE-BF89-E2ED216831DC} = {EE8E3630-DFF6-42DE-921F-A1446994AAB2}
		{5A84EB5B-2251-45E1-A4D7-A98E0570055C} = {CEEE3423-CA8C-4019-A3DC-3C8AB25CEBC2}
		{CB524744-8F4C-4171-8292-F4FC860A2544} = {CEEE3423-CA8C-4019-A3DC-3C8AB25CEBC2}
		{2090E88B-0BB7-4ADC-819F-7BB6554BDCE5} = {CEEE3423-CA8C-4019-A3DC-3C8AB25CEBC2}
		{16D5B3FB-25E1-4D34-B008-465D9F4026A3} = {C3DA6E48-70FC-4C0E-857C-6C515F6DEE07}
		{3695B33D-618D-4DAB-8D0A-613F4B607F52} = {C3DA6E48-70FC-4C0E-857C-6C515F6DEE07}
		{3739AD00-684F-4ADB-9239-B561A27E4781} = {C3DA6E48-70FC-4C0E-857C-6C515F6DEE07}
		{853193F5-4AFE-4597-847E-8B01856A2417} = {4A4F099B-ADCB-4883-97C9-B038C539D379}
		{2BDBA7D4-782A-422E-BDD4-B5EAC3F0F6E8} = {4A4F099B-ADCB-4883-97C9-B038C539D379}
		{EFCD864B-6924-4C16-9F9C-2BF88C75974F} = {4A4F099B-ADCB-4883-97C9-B038C539D379}
		{01ED91F6-80C4-4E0A-8793-6FDDAAD342AA} = {06C2C1EF-8F0A-4E50-9520-131F0A370AD5}
		{99C26481-5A1B-4BB8-B396-0EFB5FDCCEF3} = {06C2C1EF-8F0A-4E50-9520-131F0A370AD5}
		{1B3C24DC-C25D-4FD9-B7FB-9CFFD7461E34} = {06C2C1EF-8F0A-4E50-9520-131F0A370AD5}
		{8E8014EC-22EB-4C11-BDB0-09292BE2188A} = {5F32B901-A52D-4129-A20A-F45339473715}
		{94C390A0-096C-417B-BC5A-8381B2D4F7A4} = {5F32B901-A52D-4129-A20A-F45339473715}
		{81BD6F3E-D2E4-41F3-B7EF-D012C2D936E9} = {5F32B901-A52D-4129-A20A-F45339473715}
	EndGlobalSection
EndGlobal
